// !$*UTF8*$!
{
	archiveVersion = 1;
	classes = {
	};
	objectVersion = 50;
	objects = {

/* Begin PBXBuildFile section */
		181045432A9789DC00F30582 /* LodingOverlay.swift in Sources */ = {isa = PBXBuildFile; fileRef = 181045422A9789DC00F30582 /* LodingOverlay.swift */; };
		181901F626584810006ECDBE /* AppDelegate.swift in Sources */ = {isa = PBXBuildFile; fileRef = 181901F526584810006ECDBE /* AppDelegate.swift */; };
		181901F826584810006ECDBE /* SceneDelegate.swift in Sources */ = {isa = PBXBuildFile; fileRef = 181901F726584810006ECDBE /* SceneDelegate.swift */; };
		181901FA26584810006ECDBE /* ViewController.swift in Sources */ = {isa = PBXBuildFile; fileRef = 181901F926584810006ECDBE /* ViewController.swift */; };
		181901FD26584810006ECDBE /* Main.storyboard in Resources */ = {isa = PBXBuildFile; fileRef = 181901FB26584810006ECDBE /* Main.storyboard */; };
		181901FF26584813006ECDBE /* Assets.xcassets in Resources */ = {isa = PBXBuildFile; fileRef = 181901FE26584813006ECDBE /* Assets.xcassets */; };
		1819020226584813006ECDBE /* LaunchScreen.storyboard in Resources */ = {isa = PBXBuildFile; fileRef = 1819020026584813006ECDBE /* LaunchScreen.storyboard */; };
		1819020D26584813006ECDBE /* Dota2Tests.swift in Sources */ = {isa = PBXBuildFile; fileRef = 1819020C26584813006ECDBE /* Dota2Tests.swift */; };
		1819021826584813006ECDBE /* Dota2UITests.swift in Sources */ = {isa = PBXBuildFile; fileRef = 1819021726584813006ECDBE /* Dota2UITests.swift */; };
		1819022E2659AB16006ECDBE /* SearchPlayerViewController.swift in Sources */ = {isa = PBXBuildFile; fileRef = 1819022D2659AB16006ECDBE /* SearchPlayerViewController.swift */; };
		181902362659ACCA006ECDBE /* UIView.swift in Sources */ = {isa = PBXBuildFile; fileRef = 181902352659ACCA006ECDBE /* UIView.swift */; };
		1819716227026AFE00A89E50 /* UIButton.swift in Sources */ = {isa = PBXBuildFile; fileRef = 1819716127026AFE00A89E50 /* UIButton.swift */; };
		1819716427026D9E00A89E50 /* UITextField.swift in Sources */ = {isa = PBXBuildFile; fileRef = 1819716327026D9E00A89E50 /* UITextField.swift */; };
		1819716627027D4200A89E50 /* UIImageView.swift in Sources */ = {isa = PBXBuildFile; fileRef = 1819716527027D4200A89E50 /* UIImageView.swift */; };
		181E8C5A2A92D6CD004D9A74 /* PerfilPlayerViewModelProtocol.swift in Sources */ = {isa = PBXBuildFile; fileRef = 181E8C592A92D6CD004D9A74 /* PerfilPlayerViewModelProtocol.swift */; };
		181E8C5C2A92DD98004D9A74 /* PerfilViewProtocol.swift in Sources */ = {isa = PBXBuildFile; fileRef = 181E8C5B2A92DD98004D9A74 /* PerfilViewProtocol.swift */; };
		181E8C5E2A92DDFA004D9A74 /* PerfilCellType.swift in Sources */ = {isa = PBXBuildFile; fileRef = 181E8C5D2A92DDFA004D9A74 /* PerfilCellType.swift */; };
		181E8C612A92E1A1004D9A74 /* PlayerDataSource.swift in Sources */ = {isa = PBXBuildFile; fileRef = 181E8C602A92E1A1004D9A74 /* PlayerDataSource.swift */; };
		181E8C632A939060004D9A74 /* UITableViewCell.swift in Sources */ = {isa = PBXBuildFile; fileRef = 181E8C622A939060004D9A74 /* UITableViewCell.swift */; };
		181E8C652A93BAE7004D9A74 /* PerfilCellData.swift in Sources */ = {isa = PBXBuildFile; fileRef = 181E8C642A93BAE7004D9A74 /* PerfilCellData.swift */; };
		181E8C692A93E0A6004D9A74 /* PerfilListAdapter.swift in Sources */ = {isa = PBXBuildFile; fileRef = 181E8C682A93E0A6004D9A74 /* PerfilListAdapter.swift */; };
		1866BC422799FFDF0027F0A2 /* UILabel.swift in Sources */ = {isa = PBXBuildFile; fileRef = 1866BC412799FFDF0027F0A2 /* UILabel.swift */; };
		1866BC44279A07040027F0A2 /* Strings.swift in Sources */ = {isa = PBXBuildFile; fileRef = 1866BC43279A07040027F0A2 /* Strings.swift */; };
		1866BC46279B57460027F0A2 /* PlayerViewModel.swift in Sources */ = {isa = PBXBuildFile; fileRef = 1866BC45279B57460027F0A2 /* PlayerViewModel.swift */; };
		1866BC4827A33E9B0027F0A2 /* PerfilPlayerViewController.swift in Sources */ = {isa = PBXBuildFile; fileRef = 1866BC4727A33E9B0027F0A2 /* PerfilPlayerViewController.swift */; };
		1866BC4A27A343370027F0A2 /* PerfilPlayer.swift in Sources */ = {isa = PBXBuildFile; fileRef = 1866BC4927A343370027F0A2 /* PerfilPlayer.swift */; };
		1866BC4E27A718800027F0A2 /* PerfilPlayerViewModel.swift in Sources */ = {isa = PBXBuildFile; fileRef = 1866BC4D27A718800027F0A2 /* PerfilPlayerViewModel.swift */; };
		186C757E2A79976000F424A1 /* SearchPlayerView.swift in Sources */ = {isa = PBXBuildFile; fileRef = 186C757D2A79976000F424A1 /* SearchPlayerView.swift */; };
		186C75802A799F2500F424A1 /* SearchPlayerViewProtocol.swift in Sources */ = {isa = PBXBuildFile; fileRef = 186C757F2A799F2500F424A1 /* SearchPlayerViewProtocol.swift */; };
		186C75842A7ACA8D00F424A1 /* AppCoordinator.swift in Sources */ = {isa = PBXBuildFile; fileRef = 186C75832A7ACA8D00F424A1 /* AppCoordinator.swift */; };
		18A14CAB278E313500EECD91 /* Players.swift in Sources */ = {isa = PBXBuildFile; fileRef = 18A14CAA278E313500EECD91 /* Players.swift */; };
		18A14CAE278E327100EECD91 /* Webservices.swift in Sources */ = {isa = PBXBuildFile; fileRef = 18A14CAD278E327000EECD91 /* Webservices.swift */; };
		18A14CB0279212A500EECD91 /* ListPlayerViewController.swift in Sources */ = {isa = PBXBuildFile; fileRef = 18A14CAF279212A400EECD91 /* ListPlayerViewController.swift */; };
		18A14CB227921B4900EECD91 /* PlayerTableViewCell.swift in Sources */ = {isa = PBXBuildFile; fileRef = 18A14CB127921B4900EECD91 /* PlayerTableViewCell.swift */; };
		18F1849A2A8A5F29005AF611 /* SearchPlayerViewModel.swift in Sources */ = {isa = PBXBuildFile; fileRef = 18F184992A8A5F29005AF611 /* SearchPlayerViewModel.swift */; };
		18F1849C2A8A6AE2005AF611 /* SerchViewModelProtocol.swift in Sources */ = {isa = PBXBuildFile; fileRef = 18F1849B2A8A6AE2005AF611 /* SerchViewModelProtocol.swift */; };
		18F1849E2A8A6ECF005AF611 /* Bindable.swift in Sources */ = {isa = PBXBuildFile; fileRef = 18F1849D2A8A6ECF005AF611 /* Bindable.swift */; };
		18F184AD2A8BA3FE005AF611 /* ListPlayersDataSource.swift in Sources */ = {isa = PBXBuildFile; fileRef = 18F184AC2A8BA3FE005AF611 /* ListPlayersDataSource.swift */; };
		18F184AF2A8BA4DB005AF611 /* ListPlayerView.swift in Sources */ = {isa = PBXBuildFile; fileRef = 18F184AE2A8BA4DB005AF611 /* ListPlayerView.swift */; };
		18F184B12A8BA770005AF611 /* ListPlayerViewProtocol.swift in Sources */ = {isa = PBXBuildFile; fileRef = 18F184B02A8BA770005AF611 /* ListPlayerViewProtocol.swift */; };
		18F184B32A8BD84C005AF611 /* PlayerViewModelProtocol.swift in Sources */ = {isa = PBXBuildFile; fileRef = 18F184B22A8BD84C005AF611 /* PlayerViewModelProtocol.swift */; };
		18F184BB2A8E4E70005AF611 /* PerfilView.swift in Sources */ = {isa = PBXBuildFile; fileRef = 18F184BA2A8E4E70005AF611 /* PerfilView.swift */; };
		18F184BD2A8E5A58005AF611 /* PlayerViewCell.swift in Sources */ = {isa = PBXBuildFile; fileRef = 18F184BC2A8E5A58005AF611 /* PlayerViewCell.swift */; };
		18F184BF2A8FA1E4005AF611 /* MatchesViewCell.swift in Sources */ = {isa = PBXBuildFile; fileRef = 18F184BE2A8FA1E4005AF611 /* MatchesViewCell.swift */; };
		18F184C12A8FA72B005AF611 /* RecentMatchesViewCell.swift in Sources */ = {isa = PBXBuildFile; fileRef = 18F184C02A8FA72B005AF611 /* RecentMatchesViewCell.swift */; };
		9F23F19B2A9E683E004951E8 /* ErrorView.swift in Sources */ = {isa = PBXBuildFile; fileRef = 9F23F19A2A9E683E004951E8 /* ErrorView.swift */; };
/* End PBXBuildFile section */

/* Begin PBXContainerItemProxy section */
		1819020926584813006ECDBE /* PBXContainerItemProxy */ = {
			isa = PBXContainerItemProxy;
			containerPortal = 181901EA26584810006ECDBE /* Project object */;
			proxyType = 1;
			remoteGlobalIDString = 181901F126584810006ECDBE;
			remoteInfo = Dota2;
		};
		1819021426584813006ECDBE /* PBXContainerItemProxy */ = {
			isa = PBXContainerItemProxy;
			containerPortal = 181901EA26584810006ECDBE /* Project object */;
			proxyType = 1;
			remoteGlobalIDString = 181901F126584810006ECDBE;
			remoteInfo = Dota2;
		};
/* End PBXContainerItemProxy section */

/* Begin PBXFileReference section */
		181045422A9789DC00F30582 /* LodingOverlay.swift */ = {isa = PBXFileReference; lastKnownFileType = sourcecode.swift; path = LodingOverlay.swift; sourceTree = "<group>"; };
		181901F226584810006ECDBE /* Dota2.app */ = {isa = PBXFileReference; explicitFileType = wrapper.application; includeInIndex = 0; path = Dota2.app; sourceTree = BUILT_PRODUCTS_DIR; };
		181901F526584810006ECDBE /* AppDelegate.swift */ = {isa = PBXFileReference; lastKnownFileType = sourcecode.swift; path = AppDelegate.swift; sourceTree = "<group>"; };
		181901F726584810006ECDBE /* SceneDelegate.swift */ = {isa = PBXFileReference; lastKnownFileType = sourcecode.swift; path = SceneDelegate.swift; sourceTree = "<group>"; };
		181901F926584810006ECDBE /* ViewController.swift */ = {isa = PBXFileReference; lastKnownFileType = sourcecode.swift; path = ViewController.swift; sourceTree = "<group>"; };
		181901FC26584810006ECDBE /* Base */ = {isa = PBXFileReference; lastKnownFileType = file.storyboard; name = Base; path = Base.lproj/Main.storyboard; sourceTree = "<group>"; };
		181901FE26584813006ECDBE /* Assets.xcassets */ = {isa = PBXFileReference; lastKnownFileType = folder.assetcatalog; path = Assets.xcassets; sourceTree = "<group>"; };
		1819020126584813006ECDBE /* Base */ = {isa = PBXFileReference; lastKnownFileType = file.storyboard; name = Base; path = Base.lproj/LaunchScreen.storyboard; sourceTree = "<group>"; };
		1819020326584813006ECDBE /* Info.plist */ = {isa = PBXFileReference; lastKnownFileType = text.plist.xml; path = Info.plist; sourceTree = "<group>"; };
		1819020826584813006ECDBE /* Dota2Tests.xctest */ = {isa = PBXFileReference; explicitFileType = wrapper.cfbundle; includeInIndex = 0; path = Dota2Tests.xctest; sourceTree = BUILT_PRODUCTS_DIR; };
		1819020C26584813006ECDBE /* Dota2Tests.swift */ = {isa = PBXFileReference; lastKnownFileType = sourcecode.swift; path = Dota2Tests.swift; sourceTree = "<group>"; };
		1819020E26584813006ECDBE /* Info.plist */ = {isa = PBXFileReference; lastKnownFileType = text.plist.xml; path = Info.plist; sourceTree = "<group>"; };
		1819021326584813006ECDBE /* Dota2UITests.xctest */ = {isa = PBXFileReference; explicitFileType = wrapper.cfbundle; includeInIndex = 0; path = Dota2UITests.xctest; sourceTree = BUILT_PRODUCTS_DIR; };
		1819021726584813006ECDBE /* Dota2UITests.swift */ = {isa = PBXFileReference; lastKnownFileType = sourcecode.swift; path = Dota2UITests.swift; sourceTree = "<group>"; };
		1819021926584813006ECDBE /* Info.plist */ = {isa = PBXFileReference; lastKnownFileType = text.plist.xml; path = Info.plist; sourceTree = "<group>"; };
		1819022D2659AB16006ECDBE /* SearchPlayerViewController.swift */ = {isa = PBXFileReference; lastKnownFileType = sourcecode.swift; path = SearchPlayerViewController.swift; sourceTree = "<group>"; };
		181902352659ACCA006ECDBE /* UIView.swift */ = {isa = PBXFileReference; lastKnownFileType = sourcecode.swift; path = UIView.swift; sourceTree = "<group>"; };
		1819716127026AFE00A89E50 /* UIButton.swift */ = {isa = PBXFileReference; lastKnownFileType = sourcecode.swift; path = UIButton.swift; sourceTree = "<group>"; };
		1819716327026D9E00A89E50 /* UITextField.swift */ = {isa = PBXFileReference; lastKnownFileType = sourcecode.swift; path = UITextField.swift; sourceTree = "<group>"; };
		1819716527027D4200A89E50 /* UIImageView.swift */ = {isa = PBXFileReference; lastKnownFileType = sourcecode.swift; path = UIImageView.swift; sourceTree = "<group>"; };
		181E8C592A92D6CD004D9A74 /* PerfilPlayerViewModelProtocol.swift */ = {isa = PBXFileReference; lastKnownFileType = sourcecode.swift; path = PerfilPlayerViewModelProtocol.swift; sourceTree = "<group>"; };
		181E8C5B2A92DD98004D9A74 /* PerfilViewProtocol.swift */ = {isa = PBXFileReference; lastKnownFileType = sourcecode.swift; path = PerfilViewProtocol.swift; sourceTree = "<group>"; };
		181E8C5D2A92DDFA004D9A74 /* PerfilCellType.swift */ = {isa = PBXFileReference; lastKnownFileType = sourcecode.swift; path = PerfilCellType.swift; sourceTree = "<group>"; };
		181E8C602A92E1A1004D9A74 /* PlayerDataSource.swift */ = {isa = PBXFileReference; lastKnownFileType = sourcecode.swift; path = PlayerDataSource.swift; sourceTree = "<group>"; };
		181E8C622A939060004D9A74 /* UITableViewCell.swift */ = {isa = PBXFileReference; lastKnownFileType = sourcecode.swift; path = UITableViewCell.swift; sourceTree = "<group>"; };
		181E8C642A93BAE7004D9A74 /* PerfilCellData.swift */ = {isa = PBXFileReference; lastKnownFileType = sourcecode.swift; path = PerfilCellData.swift; sourceTree = "<group>"; };
		181E8C682A93E0A6004D9A74 /* PerfilListAdapter.swift */ = {isa = PBXFileReference; lastKnownFileType = sourcecode.swift; path = PerfilListAdapter.swift; sourceTree = "<group>"; };
		1866BC412799FFDF0027F0A2 /* UILabel.swift */ = {isa = PBXFileReference; lastKnownFileType = sourcecode.swift; path = UILabel.swift; sourceTree = "<group>"; };
		1866BC43279A07040027F0A2 /* Strings.swift */ = {isa = PBXFileReference; lastKnownFileType = sourcecode.swift; path = Strings.swift; sourceTree = "<group>"; };
		1866BC45279B57460027F0A2 /* PlayerViewModel.swift */ = {isa = PBXFileReference; lastKnownFileType = sourcecode.swift; path = PlayerViewModel.swift; sourceTree = "<group>"; };
		1866BC4727A33E9B0027F0A2 /* PerfilPlayerViewController.swift */ = {isa = PBXFileReference; lastKnownFileType = sourcecode.swift; path = PerfilPlayerViewController.swift; sourceTree = "<group>"; };
		1866BC4927A343370027F0A2 /* PerfilPlayer.swift */ = {isa = PBXFileReference; lastKnownFileType = sourcecode.swift; path = PerfilPlayer.swift; sourceTree = "<group>"; };
		1866BC4D27A718800027F0A2 /* PerfilPlayerViewModel.swift */ = {isa = PBXFileReference; lastKnownFileType = sourcecode.swift; path = PerfilPlayerViewModel.swift; sourceTree = "<group>"; };
		186C757D2A79976000F424A1 /* SearchPlayerView.swift */ = {isa = PBXFileReference; lastKnownFileType = sourcecode.swift; path = SearchPlayerView.swift; sourceTree = "<group>"; };
		186C757F2A799F2500F424A1 /* SearchPlayerViewProtocol.swift */ = {isa = PBXFileReference; lastKnownFileType = sourcecode.swift; path = SearchPlayerViewProtocol.swift; sourceTree = "<group>"; };
		186C75832A7ACA8D00F424A1 /* AppCoordinator.swift */ = {isa = PBXFileReference; lastKnownFileType = sourcecode.swift; path = AppCoordinator.swift; sourceTree = "<group>"; };
		18A14CAA278E313500EECD91 /* Players.swift */ = {isa = PBXFileReference; lastKnownFileType = sourcecode.swift; path = Players.swift; sourceTree = "<group>"; };
		18A14CAD278E327000EECD91 /* Webservices.swift */ = {isa = PBXFileReference; lastKnownFileType = sourcecode.swift; path = Webservices.swift; sourceTree = "<group>"; };
		18A14CAF279212A400EECD91 /* ListPlayerViewController.swift */ = {isa = PBXFileReference; lastKnownFileType = sourcecode.swift; path = ListPlayerViewController.swift; sourceTree = "<group>"; };
		18A14CB127921B4900EECD91 /* PlayerTableViewCell.swift */ = {isa = PBXFileReference; lastKnownFileType = sourcecode.swift; path = PlayerTableViewCell.swift; sourceTree = "<group>"; };
		18F184992A8A5F29005AF611 /* SearchPlayerViewModel.swift */ = {isa = PBXFileReference; lastKnownFileType = sourcecode.swift; path = SearchPlayerViewModel.swift; sourceTree = "<group>"; };
		18F1849B2A8A6AE2005AF611 /* SerchViewModelProtocol.swift */ = {isa = PBXFileReference; lastKnownFileType = sourcecode.swift; path = SerchViewModelProtocol.swift; sourceTree = "<group>"; };
		18F1849D2A8A6ECF005AF611 /* Bindable.swift */ = {isa = PBXFileReference; lastKnownFileType = sourcecode.swift; path = Bindable.swift; sourceTree = "<group>"; };
		18F184AC2A8BA3FE005AF611 /* ListPlayersDataSource.swift */ = {isa = PBXFileReference; lastKnownFileType = sourcecode.swift; path = ListPlayersDataSource.swift; sourceTree = "<group>"; };
		18F184AE2A8BA4DB005AF611 /* ListPlayerView.swift */ = {isa = PBXFileReference; lastKnownFileType = sourcecode.swift; path = ListPlayerView.swift; sourceTree = "<group>"; };
		18F184B02A8BA770005AF611 /* ListPlayerViewProtocol.swift */ = {isa = PBXFileReference; lastKnownFileType = sourcecode.swift; path = ListPlayerViewProtocol.swift; sourceTree = "<group>"; };
		18F184B22A8BD84C005AF611 /* PlayerViewModelProtocol.swift */ = {isa = PBXFileReference; lastKnownFileType = sourcecode.swift; path = PlayerViewModelProtocol.swift; sourceTree = "<group>"; };
		18F184BA2A8E4E70005AF611 /* PerfilView.swift */ = {isa = PBXFileReference; lastKnownFileType = sourcecode.swift; path = PerfilView.swift; sourceTree = "<group>"; };
		18F184BC2A8E5A58005AF611 /* PlayerViewCell.swift */ = {isa = PBXFileReference; lastKnownFileType = sourcecode.swift; path = PlayerViewCell.swift; sourceTree = "<group>"; };
		18F184BE2A8FA1E4005AF611 /* MatchesViewCell.swift */ = {isa = PBXFileReference; lastKnownFileType = sourcecode.swift; path = MatchesViewCell.swift; sourceTree = "<group>"; };
		18F184C02A8FA72B005AF611 /* RecentMatchesViewCell.swift */ = {isa = PBXFileReference; lastKnownFileType = sourcecode.swift; path = RecentMatchesViewCell.swift; sourceTree = "<group>"; };
		9F23F19A2A9E683E004951E8 /* ErrorView.swift */ = {isa = PBXFileReference; lastKnownFileType = sourcecode.swift; path = ErrorView.swift; sourceTree = "<group>"; };
/* End PBXFileReference section */

/* Begin PBXFrameworksBuildPhase section */
		181901EF26584810006ECDBE /* Frameworks */ = {
			isa = PBXFrameworksBuildPhase;
			buildActionMask = 2147483647;
			files = (
			);
			runOnlyForDeploymentPostprocessing = 0;
		};
		1819020526584813006ECDBE /* Frameworks */ = {
			isa = PBXFrameworksBuildPhase;
			buildActionMask = 2147483647;
			files = (
			);
			runOnlyForDeploymentPostprocessing = 0;
		};
		1819021026584813006ECDBE /* Frameworks */ = {
			isa = PBXFrameworksBuildPhase;
			buildActionMask = 2147483647;
			files = (
			);
			runOnlyForDeploymentPostprocessing = 0;
		};
/* End PBXFrameworksBuildPhase section */

/* Begin PBXGroup section */
		181045412A9789C800F30582 /* Loading */ = {
			isa = PBXGroup;
			children = (
				181045422A9789DC00F30582 /* LodingOverlay.swift */,
			);
			path = Loading;
			sourceTree = "<group>";
		};
		181901E926584810006ECDBE = {
			isa = PBXGroup;
			children = (
				181901F426584810006ECDBE /* Dota2 */,
				1819020B26584813006ECDBE /* Dota2Tests */,
				1819021626584813006ECDBE /* Dota2UITests */,
				181901F326584810006ECDBE /* Products */,
			);
			sourceTree = "<group>";
		};
		181901F326584810006ECDBE /* Products */ = {
			isa = PBXGroup;
			children = (
				181901F226584810006ECDBE /* Dota2.app */,
				1819020826584813006ECDBE /* Dota2Tests.xctest */,
				1819021326584813006ECDBE /* Dota2UITests.xctest */,
			);
			name = Products;
			sourceTree = "<group>";
		};
		181901F426584810006ECDBE /* Dota2 */ = {
			isa = PBXGroup;
			children = (
				18F184B42A8E4AB6005AF611 /* PerfilPlayer */,
				18F184A52A8BA230005AF611 /* ListPlayers */,
				186C75812A7ACA2A00F424A1 /* Infrastructure */,
				186C75762A7995BD00F424A1 /* SearchPlayer */,
				18A14CAC278E325000EECD91 /* Services */,
				1819022A2658483B006ECDBE /* Extensions */,
				181901F526584810006ECDBE /* AppDelegate.swift */,
				181901F726584810006ECDBE /* SceneDelegate.swift */,
				181901F926584810006ECDBE /* ViewController.swift */,
				181901FB26584810006ECDBE /* Main.storyboard */,
				181901FE26584813006ECDBE /* Assets.xcassets */,
				1819020026584813006ECDBE /* LaunchScreen.storyboard */,
				1819020326584813006ECDBE /* Info.plist */,
				1866BC43279A07040027F0A2 /* Strings.swift */,
			);
			path = Dota2;
			sourceTree = "<group>";
		};
		1819020B26584813006ECDBE /* Dota2Tests */ = {
			isa = PBXGroup;
			children = (
				1819020C26584813006ECDBE /* Dota2Tests.swift */,
				1819020E26584813006ECDBE /* Info.plist */,
			);
			path = Dota2Tests;
			sourceTree = "<group>";
		};
		1819021626584813006ECDBE /* Dota2UITests */ = {
			isa = PBXGroup;
			children = (
				1819021726584813006ECDBE /* Dota2UITests.swift */,
				1819021926584813006ECDBE /* Info.plist */,
			);
			path = Dota2UITests;
			sourceTree = "<group>";
		};
		1819022A2658483B006ECDBE /* Extensions */ = {
			isa = PBXGroup;
			children = (
				9F23F1992A9E682E004951E8 /* Error */,
				181045412A9789C800F30582 /* Loading */,
				181902352659ACCA006ECDBE /* UIView.swift */,
				1866BC412799FFDF0027F0A2 /* UILabel.swift */,
				1819716127026AFE00A89E50 /* UIButton.swift */,
				1819716327026D9E00A89E50 /* UITextField.swift */,
				1819716527027D4200A89E50 /* UIImageView.swift */,
				18F1849D2A8A6ECF005AF611 /* Bindable.swift */,
				181E8C622A939060004D9A74 /* UITableViewCell.swift */,
			);
			path = Extensions;
			sourceTree = "<group>";
		};
		181E8C5F2A92E177004D9A74 /* DataSource */ = {
			isa = PBXGroup;
			children = (
				181E8C602A92E1A1004D9A74 /* PlayerDataSource.swift */,
			);
			path = DataSource;
			sourceTree = "<group>";
		};
		181E8C662A93E053004D9A74 /* Infrastructure */ = {
			isa = PBXGroup;
			children = (
				181E8C672A93E07A004D9A74 /* Adapter */,
			);
			path = Infrastructure;
			sourceTree = "<group>";
		};
		181E8C672A93E07A004D9A74 /* Adapter */ = {
			isa = PBXGroup;
			children = (
				181E8C682A93E0A6004D9A74 /* PerfilListAdapter.swift */,
			);
			path = Adapter;
			sourceTree = "<group>";
		};
		186C75752A797D4400F424A1 /* DataSource */ = {
			isa = PBXGroup;
			children = (
				18F184AC2A8BA3FE005AF611 /* ListPlayersDataSource.swift */,
			);
			path = DataSource;
			sourceTree = "<group>";
		};
		186C75762A7995BD00F424A1 /* SearchPlayer */ = {
			isa = PBXGroup;
			children = (
				186C757A2A7995FE00F424A1 /* ViewModel */,
				186C75792A7995EE00F424A1 /* View */,
				186C75782A7995DD00F424A1 /* ViewController */,
				186C75772A7995D500F424A1 /* Model */,
			);
			path = SearchPlayer;
			sourceTree = "<group>";
		};
		186C75772A7995D500F424A1 /* Model */ = {
			isa = PBXGroup;
			children = (
			);
			path = Model;
			sourceTree = "<group>";
		};
		186C75782A7995DD00F424A1 /* ViewController */ = {
			isa = PBXGroup;
			children = (
				1819022D2659AB16006ECDBE /* SearchPlayerViewController.swift */,
			);
			path = ViewController;
			sourceTree = "<group>";
		};
		186C75792A7995EE00F424A1 /* View */ = {
			isa = PBXGroup;
			children = (
				186C757D2A79976000F424A1 /* SearchPlayerView.swift */,
				186C757F2A799F2500F424A1 /* SearchPlayerViewProtocol.swift */,
			);
			path = View;
			sourceTree = "<group>";
		};
		186C757A2A7995FE00F424A1 /* ViewModel */ = {
			isa = PBXGroup;
			children = (
				18F184992A8A5F29005AF611 /* SearchPlayerViewModel.swift */,
				18F1849B2A8A6AE2005AF611 /* SerchViewModelProtocol.swift */,
			);
			path = ViewModel;
			sourceTree = "<group>";
		};
		186C75812A7ACA2A00F424A1 /* Infrastructure */ = {
			isa = PBXGroup;
			children = (
				186C75822A7ACA4500F424A1 /* Coordinator */,
			);
			path = Infrastructure;
			sourceTree = "<group>";
		};
		186C75822A7ACA4500F424A1 /* Coordinator */ = {
			isa = PBXGroup;
			children = (
				186C75832A7ACA8D00F424A1 /* AppCoordinator.swift */,
			);
			path = Coordinator;
			sourceTree = "<group>";
		};
		18A14CAC278E325000EECD91 /* Services */ = {
			isa = PBXGroup;
			children = (
				18A14CAD278E327000EECD91 /* Webservices.swift */,
			);
			path = Services;
			sourceTree = "<group>";
		};
		18F184A52A8BA230005AF611 /* ListPlayers */ = {
			isa = PBXGroup;
			children = (
				186C75752A797D4400F424A1 /* DataSource */,
				18F184AA2A8BA29B005AF611 /* Cell */,
				18F184A92A8BA263005AF611 /* ViewController */,
				18F184A82A8BA25B005AF611 /* Model */,
				18F184A72A8BA24F005AF611 /* View */,
				18F184A62A8BA248005AF611 /* ViewModel */,
			);
			path = ListPlayers;
			sourceTree = "<group>";
		};
		18F184A62A8BA248005AF611 /* ViewModel */ = {
			isa = PBXGroup;
			children = (
				1866BC45279B57460027F0A2 /* PlayerViewModel.swift */,
				18F184B22A8BD84C005AF611 /* PlayerViewModelProtocol.swift */,
			);
			path = ViewModel;
			sourceTree = "<group>";
		};
		18F184A72A8BA24F005AF611 /* View */ = {
			isa = PBXGroup;
			children = (
				18F184AE2A8BA4DB005AF611 /* ListPlayerView.swift */,
				18F184B02A8BA770005AF611 /* ListPlayerViewProtocol.swift */,
			);
			path = View;
			sourceTree = "<group>";
		};
		18F184A82A8BA25B005AF611 /* Model */ = {
			isa = PBXGroup;
			children = (
				18A14CAA278E313500EECD91 /* Players.swift */,
			);
			path = Model;
			sourceTree = "<group>";
		};
		18F184A92A8BA263005AF611 /* ViewController */ = {
			isa = PBXGroup;
			children = (
				18A14CAF279212A400EECD91 /* ListPlayerViewController.swift */,
			);
			path = ViewController;
			sourceTree = "<group>";
		};
		18F184AA2A8BA29B005AF611 /* Cell */ = {
			isa = PBXGroup;
			children = (
				18A14CB127921B4900EECD91 /* PlayerTableViewCell.swift */,
			);
			path = Cell;
			sourceTree = "<group>";
		};
		18F184B42A8E4AB6005AF611 /* PerfilPlayer */ = {
			isa = PBXGroup;
			children = (
				181E8C662A93E053004D9A74 /* Infrastructure */,
				181E8C5F2A92E177004D9A74 /* DataSource */,
				18F184B92A8E4C0D005AF611 /* Model */,
				18F184B82A8E4BFD005AF611 /* Cell */,
				18F184B72A8E4ADA005AF611 /* ViewModel */,
				18F184B62A8E4ACF005AF611 /* ViewController */,
				18F184B52A8E4AC7005AF611 /* View */,
			);
			path = PerfilPlayer;
			sourceTree = "<group>";
		};
		18F184B52A8E4AC7005AF611 /* View */ = {
			isa = PBXGroup;
			children = (
				18F184BA2A8E4E70005AF611 /* PerfilView.swift */,
				181E8C5B2A92DD98004D9A74 /* PerfilViewProtocol.swift */,
			);
			path = View;
			sourceTree = "<group>";
		};
		18F184B62A8E4ACF005AF611 /* ViewController */ = {
			isa = PBXGroup;
			children = (
				1866BC4727A33E9B0027F0A2 /* PerfilPlayerViewController.swift */,
			);
			path = ViewController;
			sourceTree = "<group>";
		};
		18F184B72A8E4ADA005AF611 /* ViewModel */ = {
			isa = PBXGroup;
			children = (
				1866BC4D27A718800027F0A2 /* PerfilPlayerViewModel.swift */,
				181E8C592A92D6CD004D9A74 /* PerfilPlayerViewModelProtocol.swift */,
			);
			path = ViewModel;
			sourceTree = "<group>";
		};
		18F184B82A8E4BFD005AF611 /* Cell */ = {
			isa = PBXGroup;
			children = (
				18F184BC2A8E5A58005AF611 /* PlayerViewCell.swift */,
				18F184BE2A8FA1E4005AF611 /* MatchesViewCell.swift */,
				18F184C02A8FA72B005AF611 /* RecentMatchesViewCell.swift */,
			);
			path = Cell;
			sourceTree = "<group>";
		};
		18F184B92A8E4C0D005AF611 /* Model */ = {
			isa = PBXGroup;
			children = (
				1866BC4927A343370027F0A2 /* PerfilPlayer.swift */,
				181E8C5D2A92DDFA004D9A74 /* PerfilCellType.swift */,
				181E8C642A93BAE7004D9A74 /* PerfilCellData.swift */,
			);
			path = Model;
			sourceTree = "<group>";
		};
		9F23F1992A9E682E004951E8 /* Error */ = {
			isa = PBXGroup;
			children = (
				9F23F19A2A9E683E004951E8 /* ErrorView.swift */,
			);
			path = Error;
			sourceTree = "<group>";
		};
/* End PBXGroup section */

/* Begin PBXNativeTarget section */
		181901F126584810006ECDBE /* Dota2 */ = {
			isa = PBXNativeTarget;
			buildConfigurationList = 1819021C26584813006ECDBE /* Build configuration list for PBXNativeTarget "Dota2" */;
			buildPhases = (
				181901EE26584810006ECDBE /* Sources */,
				181901EF26584810006ECDBE /* Frameworks */,
				181901F026584810006ECDBE /* Resources */,
			);
			buildRules = (
			);
			dependencies = (
			);
			name = Dota2;
			productName = Dota2;
			productReference = 181901F226584810006ECDBE /* Dota2.app */;
			productType = "com.apple.product-type.application";
		};
		1819020726584813006ECDBE /* Dota2Tests */ = {
			isa = PBXNativeTarget;
			buildConfigurationList = 1819021F26584813006ECDBE /* Build configuration list for PBXNativeTarget "Dota2Tests" */;
			buildPhases = (
				1819020426584813006ECDBE /* Sources */,
				1819020526584813006ECDBE /* Frameworks */,
				1819020626584813006ECDBE /* Resources */,
			);
			buildRules = (
			);
			dependencies = (
				1819020A26584813006ECDBE /* PBXTargetDependency */,
			);
			name = Dota2Tests;
			productName = Dota2Tests;
			productReference = 1819020826584813006ECDBE /* Dota2Tests.xctest */;
			productType = "com.apple.product-type.bundle.unit-test";
		};
		1819021226584813006ECDBE /* Dota2UITests */ = {
			isa = PBXNativeTarget;
			buildConfigurationList = 1819022226584813006ECDBE /* Build configuration list for PBXNativeTarget "Dota2UITests" */;
			buildPhases = (
				1819020F26584813006ECDBE /* Sources */,
				1819021026584813006ECDBE /* Frameworks */,
				1819021126584813006ECDBE /* Resources */,
			);
			buildRules = (
			);
			dependencies = (
				1819021526584813006ECDBE /* PBXTargetDependency */,
			);
			name = Dota2UITests;
			productName = Dota2UITests;
			productReference = 1819021326584813006ECDBE /* Dota2UITests.xctest */;
			productType = "com.apple.product-type.bundle.ui-testing";
		};
/* End PBXNativeTarget section */

/* Begin PBXProject section */
		181901EA26584810006ECDBE /* Project object */ = {
			isa = PBXProject;
			attributes = {
				LastSwiftUpdateCheck = 1240;
				LastUpgradeCheck = 1240;
				TargetAttributes = {
					181901F126584810006ECDBE = {
						CreatedOnToolsVersion = 12.4;
					};
					1819020726584813006ECDBE = {
						CreatedOnToolsVersion = 12.4;
						TestTargetID = 181901F126584810006ECDBE;
					};
					1819021226584813006ECDBE = {
						CreatedOnToolsVersion = 12.4;
						TestTargetID = 181901F126584810006ECDBE;
					};
				};
			};
			buildConfigurationList = 181901ED26584810006ECDBE /* Build configuration list for PBXProject "Dota2" */;
			compatibilityVersion = "Xcode 9.3";
			developmentRegion = en;
			hasScannedForEncodings = 0;
			knownRegions = (
				en,
				Base,
			);
			mainGroup = 181901E926584810006ECDBE;
			productRefGroup = 181901F326584810006ECDBE /* Products */;
			projectDirPath = "";
			projectRoot = "";
			targets = (
				181901F126584810006ECDBE /* Dota2 */,
				1819020726584813006ECDBE /* Dota2Tests */,
				1819021226584813006ECDBE /* Dota2UITests */,
			);
		};
/* End PBXProject section */

/* Begin PBXResourcesBuildPhase section */
		181901F026584810006ECDBE /* Resources */ = {
			isa = PBXResourcesBuildPhase;
			buildActionMask = 2147483647;
			files = (
				1819020226584813006ECDBE /* LaunchScreen.storyboard in Resources */,
				181901FF26584813006ECDBE /* Assets.xcassets in Resources */,
				181901FD26584810006ECDBE /* Main.storyboard in Resources */,
			);
			runOnlyForDeploymentPostprocessing = 0;
		};
		1819020626584813006ECDBE /* Resources */ = {
			isa = PBXResourcesBuildPhase;
			buildActionMask = 2147483647;
			files = (
			);
			runOnlyForDeploymentPostprocessing = 0;
		};
		1819021126584813006ECDBE /* Resources */ = {
			isa = PBXResourcesBuildPhase;
			buildActionMask = 2147483647;
			files = (
			);
			runOnlyForDeploymentPostprocessing = 0;
		};
/* End PBXResourcesBuildPhase section */

/* Begin PBXSourcesBuildPhase section */
		181901EE26584810006ECDBE /* Sources */ = {
			isa = PBXSourcesBuildPhase;
			buildActionMask = 2147483647;
			files = (
				18F1849E2A8A6ECF005AF611 /* Bindable.swift in Sources */,
				18F184BB2A8E4E70005AF611 /* PerfilView.swift in Sources */,
				186C75802A799F2500F424A1 /* SearchPlayerViewProtocol.swift in Sources */,
				18A14CB227921B4900EECD91 /* PlayerTableViewCell.swift in Sources */,
				186C757E2A79976000F424A1 /* SearchPlayerView.swift in Sources */,
				181045432A9789DC00F30582 /* LodingOverlay.swift in Sources */,
				1866BC422799FFDF0027F0A2 /* UILabel.swift in Sources */,
				181E8C5E2A92DDFA004D9A74 /* PerfilCellType.swift in Sources */,
				1866BC4827A33E9B0027F0A2 /* PerfilPlayerViewController.swift in Sources */,
				18F1849A2A8A5F29005AF611 /* SearchPlayerViewModel.swift in Sources */,
				18A14CAE278E327100EECD91 /* Webservices.swift in Sources */,
				186C75842A7ACA8D00F424A1 /* AppCoordinator.swift in Sources */,
				18F184AF2A8BA4DB005AF611 /* ListPlayerView.swift in Sources */,
				181E8C632A939060004D9A74 /* UITableViewCell.swift in Sources */,
				181E8C5A2A92D6CD004D9A74 /* PerfilPlayerViewModelProtocol.swift in Sources */,
				18F184AD2A8BA3FE005AF611 /* ListPlayersDataSource.swift in Sources */,
				1819716627027D4200A89E50 /* UIImageView.swift in Sources */,
				181902362659ACCA006ECDBE /* UIView.swift in Sources */,
				18F184B32A8BD84C005AF611 /* PlayerViewModelProtocol.swift in Sources */,
				181E8C5C2A92DD98004D9A74 /* PerfilViewProtocol.swift in Sources */,
				181901FA26584810006ECDBE /* ViewController.swift in Sources */,
				18F184C12A8FA72B005AF611 /* RecentMatchesViewCell.swift in Sources */,
				9F23F19B2A9E683E004951E8 /* ErrorView.swift in Sources */,
				181E8C692A93E0A6004D9A74 /* PerfilListAdapter.swift in Sources */,
				1866BC46279B57460027F0A2 /* PlayerViewModel.swift in Sources */,
				18F184B12A8BA770005AF611 /* ListPlayerViewProtocol.swift in Sources */,
				1866BC4A27A343370027F0A2 /* PerfilPlayer.swift in Sources */,
				1866BC4E27A718800027F0A2 /* PerfilPlayerViewModel.swift in Sources */,
				18F184BF2A8FA1E4005AF611 /* MatchesViewCell.swift in Sources */,
				181E8C612A92E1A1004D9A74 /* PlayerDataSource.swift in Sources */,
				181E8C652A93BAE7004D9A74 /* PerfilCellData.swift in Sources */,
				1866BC44279A07040027F0A2 /* Strings.swift in Sources */,
				18F184BD2A8E5A58005AF611 /* PlayerViewCell.swift in Sources */,
				1819716427026D9E00A89E50 /* UITextField.swift in Sources */,
				181901F626584810006ECDBE /* AppDelegate.swift in Sources */,
				1819022E2659AB16006ECDBE /* SearchPlayerViewController.swift in Sources */,
				181901F826584810006ECDBE /* SceneDelegate.swift in Sources */,
				18F1849C2A8A6AE2005AF611 /* SerchViewModelProtocol.swift in Sources */,
				18A14CB0279212A500EECD91 /* ListPlayerViewController.swift in Sources */,
				18A14CAB278E313500EECD91 /* Players.swift in Sources */,
				1819716227026AFE00A89E50 /* UIButton.swift in Sources */,
			);
			runOnlyForDeploymentPostprocessing = 0;
		};
		1819020426584813006ECDBE /* Sources */ = {
			isa = PBXSourcesBuildPhase;
			buildActionMask = 2147483647;
			files = (
				1819020D26584813006ECDBE /* Dota2Tests.swift in Sources */,
			);
			runOnlyForDeploymentPostprocessing = 0;
		};
		1819020F26584813006ECDBE /* Sources */ = {
			isa = PBXSourcesBuildPhase;
			buildActionMask = 2147483647;
			files = (
				1819021826584813006ECDBE /* Dota2UITests.swift in Sources */,
			);
			runOnlyForDeploymentPostprocessing = 0;
		};
/* End PBXSourcesBuildPhase section */

/* Begin PBXTargetDependency section */
		1819020A26584813006ECDBE /* PBXTargetDependency */ = {
			isa = PBXTargetDependency;
			target = 181901F126584810006ECDBE /* Dota2 */;
			targetProxy = 1819020926584813006ECDBE /* PBXContainerItemProxy */;
		};
		1819021526584813006ECDBE /* PBXTargetDependency */ = {
			isa = PBXTargetDependency;
			target = 181901F126584810006ECDBE /* Dota2 */;
			targetProxy = 1819021426584813006ECDBE /* PBXContainerItemProxy */;
		};
/* End PBXTargetDependency section */

/* Begin PBXVariantGroup section */
		181901FB26584810006ECDBE /* Main.storyboard */ = {
			isa = PBXVariantGroup;
			children = (
				181901FC26584810006ECDBE /* Base */,
			);
			name = Main.storyboard;
			sourceTree = "<group>";
		};
		1819020026584813006ECDBE /* LaunchScreen.storyboard */ = {
			isa = PBXVariantGroup;
			children = (
				1819020126584813006ECDBE /* Base */,
			);
			name = LaunchScreen.storyboard;
			sourceTree = "<group>";
		};
/* End PBXVariantGroup section */

/* Begin XCBuildConfiguration section */
		1819021A26584813006ECDBE /* Debug */ = {
			isa = XCBuildConfiguration;
			buildSettings = {
				ALWAYS_SEARCH_USER_PATHS = NO;
				CLANG_ANALYZER_NONNULL = YES;
				CLANG_ANALYZER_NUMBER_OBJECT_CONVERSION = YES_AGGRESSIVE;
				CLANG_CXX_LANGUAGE_STANDARD = "gnu++14";
				CLANG_CXX_LIBRARY = "libc++";
				CLANG_ENABLE_MODULES = YES;
				CLANG_ENABLE_OBJC_ARC = YES;
				CLANG_ENABLE_OBJC_WEAK = YES;
				CLANG_WARN_BLOCK_CAPTURE_AUTORELEASING = YES;
				CLANG_WARN_BOOL_CONVERSION = YES;
				CLANG_WARN_COMMA = YES;
				CLANG_WARN_CONSTANT_CONVERSION = YES;
				CLANG_WARN_DEPRECATED_OBJC_IMPLEMENTATIONS = YES;
				CLANG_WARN_DIRECT_OBJC_ISA_USAGE = YES_ERROR;
				CLANG_WARN_DOCUMENTATION_COMMENTS = YES;
				CLANG_WARN_EMPTY_BODY = YES;
				CLANG_WARN_ENUM_CONVERSION = YES;
				CLANG_WARN_INFINITE_RECURSION = YES;
				CLANG_WARN_INT_CONVERSION = YES;
				CLANG_WARN_NON_LITERAL_NULL_CONVERSION = YES;
				CLANG_WARN_OBJC_IMPLICIT_RETAIN_SELF = YES;
				CLANG_WARN_OBJC_LITERAL_CONVERSION = YES;
				CLANG_WARN_OBJC_ROOT_CLASS = YES_ERROR;
				CLANG_WARN_QUOTED_INCLUDE_IN_FRAMEWORK_HEADER = YES;
				CLANG_WARN_RANGE_LOOP_ANALYSIS = YES;
				CLANG_WARN_STRICT_PROTOTYPES = YES;
				CLANG_WARN_SUSPICIOUS_MOVE = YES;
				CLANG_WARN_UNGUARDED_AVAILABILITY = YES_AGGRESSIVE;
				CLANG_WARN_UNREACHABLE_CODE = YES;
				CLANG_WARN__DUPLICATE_METHOD_MATCH = YES;
				COPY_PHASE_STRIP = NO;
				DEBUG_INFORMATION_FORMAT = dwarf;
				ENABLE_STRICT_OBJC_MSGSEND = YES;
				ENABLE_TESTABILITY = YES;
				GCC_C_LANGUAGE_STANDARD = gnu11;
				GCC_DYNAMIC_NO_PIC = NO;
				GCC_NO_COMMON_BLOCKS = YES;
				GCC_OPTIMIZATION_LEVEL = 0;
				GCC_PREPROCESSOR_DEFINITIONS = (
					"DEBUG=1",
					"$(inherited)",
				);
				GCC_WARN_64_TO_32_BIT_CONVERSION = YES;
				GCC_WARN_ABOUT_RETURN_TYPE = YES_ERROR;
				GCC_WARN_UNDECLARED_SELECTOR = YES;
				GCC_WARN_UNINITIALIZED_AUTOS = YES_AGGRESSIVE;
				GCC_WARN_UNUSED_FUNCTION = YES;
				GCC_WARN_UNUSED_VARIABLE = YES;
				IPHONEOS_DEPLOYMENT_TARGET = 14.4;
				MTL_ENABLE_DEBUG_INFO = INCLUDE_SOURCE;
				MTL_FAST_MATH = YES;
				ONLY_ACTIVE_ARCH = YES;
				SDKROOT = iphoneos;
				SWIFT_ACTIVE_COMPILATION_CONDITIONS = DEBUG;
				SWIFT_OPTIMIZATION_LEVEL = "-Onone";
			};
			name = Debug;
		};
		1819021B26584813006ECDBE /* Release */ = {
			isa = XCBuildConfiguration;
			buildSettings = {
				ALWAYS_SEARCH_USER_PATHS = NO;
				CLANG_ANALYZER_NONNULL = YES;
				CLANG_ANALYZER_NUMBER_OBJECT_CONVERSION = YES_AGGRESSIVE;
				CLANG_CXX_LANGUAGE_STANDARD = "gnu++14";
				CLANG_CXX_LIBRARY = "libc++";
				CLANG_ENABLE_MODULES = YES;
				CLANG_ENABLE_OBJC_ARC = YES;
				CLANG_ENABLE_OBJC_WEAK = YES;
				CLANG_WARN_BLOCK_CAPTURE_AUTORELEASING = YES;
				CLANG_WARN_BOOL_CONVERSION = YES;
				CLANG_WARN_COMMA = YES;
				CLANG_WARN_CONSTANT_CONVERSION = YES;
				CLANG_WARN_DEPRECATED_OBJC_IMPLEMENTATIONS = YES;
				CLANG_WARN_DIRECT_OBJC_ISA_USAGE = YES_ERROR;
				CLANG_WARN_DOCUMENTATION_COMMENTS = YES;
				CLANG_WARN_EMPTY_BODY = YES;
				CLANG_WARN_ENUM_CONVERSION = YES;
				CLANG_WARN_INFINITE_RECURSION = YES;
				CLANG_WARN_INT_CONVERSION = YES;
				CLANG_WARN_NON_LITERAL_NULL_CONVERSION = YES;
				CLANG_WARN_OBJC_IMPLICIT_RETAIN_SELF = YES;
				CLANG_WARN_OBJC_LITERAL_CONVERSION = YES;
				CLANG_WARN_OBJC_ROOT_CLASS = YES_ERROR;
				CLANG_WARN_QUOTED_INCLUDE_IN_FRAMEWORK_HEADER = YES;
				CLANG_WARN_RANGE_LOOP_ANALYSIS = YES;
				CLANG_WARN_STRICT_PROTOTYPES = YES;
				CLANG_WARN_SUSPICIOUS_MOVE = YES;
				CLANG_WARN_UNGUARDED_AVAILABILITY = YES_AGGRESSIVE;
				CLANG_WARN_UNREACHABLE_CODE = YES;
				CLANG_WARN__DUPLICATE_METHOD_MATCH = YES;
				COPY_PHASE_STRIP = NO;
				DEBUG_INFORMATION_FORMAT = "dwarf-with-dsym";
				ENABLE_NS_ASSERTIONS = NO;
				ENABLE_STRICT_OBJC_MSGSEND = YES;
				GCC_C_LANGUAGE_STANDARD = gnu11;
				GCC_NO_COMMON_BLOCKS = YES;
				GCC_WARN_64_TO_32_BIT_CONVERSION = YES;
				GCC_WARN_ABOUT_RETURN_TYPE = YES_ERROR;
				GCC_WARN_UNDECLARED_SELECTOR = YES;
				GCC_WARN_UNINITIALIZED_AUTOS = YES_AGGRESSIVE;
				GCC_WARN_UNUSED_FUNCTION = YES;
				GCC_WARN_UNUSED_VARIABLE = YES;
				IPHONEOS_DEPLOYMENT_TARGET = 14.4;
				MTL_ENABLE_DEBUG_INFO = NO;
				MTL_FAST_MATH = YES;
				SDKROOT = iphoneos;
				SWIFT_COMPILATION_MODE = wholemodule;
				SWIFT_OPTIMIZATION_LEVEL = "-O";
				VALIDATE_PRODUCT = YES;
			};
			name = Release;
		};
		1819021D26584813006ECDBE /* Debug */ = {
			isa = XCBuildConfiguration;
			buildSettings = {
				ASSETCATALOG_COMPILER_APPICON_NAME = AppIcon;
				ASSETCATALOG_COMPILER_GLOBAL_ACCENT_COLOR_NAME = AccentColor;
				CODE_SIGN_STYLE = Automatic;
				DEVELOPMENT_TEAM = VX7R86B7KM;
				INFOPLIST_FILE = Dota2/Info.plist;
				LD_RUNPATH_SEARCH_PATHS = (
					"$(inherited)",
					"@executable_path/Frameworks",
				);
				PRODUCT_BUNDLE_IDENTIFIER = com.guilhermecunha.Dota2;
				PRODUCT_NAME = "$(TARGET_NAME)";
				SWIFT_VERSION = 5.0;
				TARGETED_DEVICE_FAMILY = "1,2";
			};
			name = Debug;
		};
		1819021E26584813006ECDBE /* Release */ = {
			isa = XCBuildConfiguration;
			buildSettings = {
				ASSETCATALOG_COMPILER_APPICON_NAME = AppIcon;
				ASSETCATALOG_COMPILER_GLOBAL_ACCENT_COLOR_NAME = AccentColor;
				CODE_SIGN_STYLE = Automatic;
				DEVELOPMENT_TEAM = VX7R86B7KM;
				INFOPLIST_FILE = Dota2/Info.plist;
				LD_RUNPATH_SEARCH_PATHS = (
					"$(inherited)",
					"@executable_path/Frameworks",
				);
				PRODUCT_BUNDLE_IDENTIFIER = com.guilhermecunha.Dota2;
				PRODUCT_NAME = "$(TARGET_NAME)";
				SWIFT_VERSION = 5.0;
				TARGETED_DEVICE_FAMILY = "1,2";
			};
			name = Release;
		};
		1819022026584813006ECDBE /* Debug */ = {
			isa = XCBuildConfiguration;
			buildSettings = {
				ALWAYS_EMBED_SWIFT_STANDARD_LIBRARIES = YES;
				BUNDLE_LOADER = "$(TEST_HOST)";
				CODE_SIGN_STYLE = Automatic;
				INFOPLIST_FILE = Dota2Tests/Info.plist;
				IPHONEOS_DEPLOYMENT_TARGET = 14.4;
				LD_RUNPATH_SEARCH_PATHS = (
					"$(inherited)",
					"@executable_path/Frameworks",
					"@loader_path/Frameworks",
				);
				PRODUCT_BUNDLE_IDENTIFIER = com.guilhermecunha.Dota2Tests;
				PRODUCT_NAME = "$(TARGET_NAME)";
				SWIFT_VERSION = 5.0;
				TARGETED_DEVICE_FAMILY = "1,2";
				TEST_HOST = "$(BUILT_PRODUCTS_DIR)/Dota2.app/Dota2";
			};
			name = Debug;
		};
		1819022126584813006ECDBE /* Release */ = {
			isa = XCBuildConfiguration;
			buildSettings = {
				ALWAYS_EMBED_SWIFT_STANDARD_LIBRARIES = YES;
				BUNDLE_LOADER = "$(TEST_HOST)";
				CODE_SIGN_STYLE = Automatic;
				INFOPLIST_FILE = Dota2Tests/Info.plist;
				IPHONEOS_DEPLOYMENT_TARGET = 14.4;
				LD_RUNPATH_SEARCH_PATHS = (
					"$(inherited)",
					"@executable_path/Frameworks",
					"@loader_path/Frameworks",
				);
				PRODUCT_BUNDLE_IDENTIFIER = com.guilhermecunha.Dota2Tests;
				PRODUCT_NAME = "$(TARGET_NAME)";
				SWIFT_VERSION = 5.0;
				TARGETED_DEVICE_FAMILY = "1,2";
				TEST_HOST = "$(BUILT_PRODUCTS_DIR)/Dota2.app/Dota2";
			};
			name = Release;
		};
		1819022326584813006ECDBE /* Debug */ = {
			isa = XCBuildConfiguration;
			buildSettings = {
				ALWAYS_EMBED_SWIFT_STANDARD_LIBRARIES = YES;
				CODE_SIGN_STYLE = Automatic;
				INFOPLIST_FILE = Dota2UITests/Info.plist;
				LD_RUNPATH_SEARCH_PATHS = (
					"$(inherited)",
					"@executable_path/Frameworks",
					"@loader_path/Frameworks",
				);
				PRODUCT_BUNDLE_IDENTIFIER = com.guilhermecunha.Dota2UITests;
				PRODUCT_NAME = "$(TARGET_NAME)";
				SWIFT_VERSION = 5.0;
				TARGETED_DEVICE_FAMILY = "1,2";
				TEST_TARGET_NAME = Dota2;
			};
			name = Debug;
		};
		1819022426584813006ECDBE /* Release */ = {
			isa = XCBuildConfiguration;
			buildSettings = {
				ALWAYS_EMBED_SWIFT_STANDARD_LIBRARIES = YES;
				CODE_SIGN_STYLE = Automatic;
				INFOPLIST_FILE = Dota2UITests/Info.plist;
				LD_RUNPATH_SEARCH_PATHS = (
					"$(inherited)",
					"@executable_path/Frameworks",
					"@loader_path/Frameworks",
				);
				PRODUCT_BUNDLE_IDENTIFIER = com.guilhermecunha.Dota2UITests;
				PRODUCT_NAME = "$(TARGET_NAME)";
				SWIFT_VERSION = 5.0;
				TARGETED_DEVICE_FAMILY = "1,2";
				TEST_TARGET_NAME = Dota2;
			};
			name = Release;
		};
/* End XCBuildConfiguration section */

/* Begin XCConfigurationList section */
		181901ED26584810006ECDBE /* Build configuration list for PBXProject "Dota2" */ = {
			isa = XCConfigurationList;
			buildConfigurations = (
				1819021A26584813006ECDBE /* Debug */,
				1819021B26584813006ECDBE /* Release */,
			);
			defaultConfigurationIsVisible = 0;
			defaultConfigurationName = Release;
		};
		1819021C26584813006ECDBE /* Build configuration list for PBXNativeTarget "Dota2" */ = {
			isa = XCConfigurationList;
			buildConfigurations = (
				1819021D26584813006ECDBE /* Debug */,
				1819021E26584813006ECDBE /* Release */,
			);
			defaultConfigurationIsVisible = 0;
			defaultConfigurationName = Release;
		};
		1819021F26584813006ECDBE /* Build configuration list for PBXNativeTarget "Dota2Tests" */ = {
			isa = XCConfigurationList;
			buildConfigurations = (
				1819022026584813006ECDBE /* Debug */,
				1819022126584813006ECDBE /* Release */,
			);
			defaultConfigurationIsVisible = 0;
			defaultConfigurationName = Release;
		};
		1819022226584813006ECDBE /* Build configuration list for PBXNativeTarget "Dota2UITests" */ = {
			isa = XCConfigurationList;
			buildConfigurations = (
				1819022326584813006ECDBE /* Debug */,
				1819022426584813006ECDBE /* Release */,
			);
			defaultConfigurationIsVisible = 0;
			defaultConfigurationName = Release;
		};
/* End XCConfigurationList section */
	};
	rootObject = 181901EA26584810006ECDBE /* Project object */;
}
